
Microsoft Visual Studio Solution File, Format Version 12.00
# Visual Studio Version 17
VisualStudioVersion = 17.8.34408.163
MinimumVisualStudioVersion = 10.0.40219.1
Project("{FAE04EC0-301F-11D3-BF4B-00C04F79EFBC}") = "Week3Switch", "Week3Switch\Week3Switch.csproj", "{60E39D01-E68A-407E-BDB6-C24DC7884C56}"
EndProject
Project("{FAE04EC0-301F-11D3-BF4B-00C04F79EFBC}") = "Week3RemainderOperator", "Week3RemainderOperator\Week3RemainderOperator.csproj", "{AB06BB10-956E-4FC7-8AA7-035CCD493F8B}"
EndProject
Global
	GlobalSection(SolutionConfigurationPlatforms) = preSolution
		Debug|Any CPU = Debug|Any CPU
		Release|Any CPU = Release|Any CPU
	EndGlobalSection
	GlobalSection(ProjectConfigurationPlatforms) = postSolution
		{60E39D01-E68A-407E-BDB6-C24DC7884C56}.Debug|Any CPU.ActiveCfg = Debug|Any CPU
		{60E39D01-E68A-407E-BDB6-C24DC7884C56}.Debug|Any CPU.Build.0 = Debug|Any CPU
		{60E39D01-E68A-407E-BDB6-C24DC7884C56}.Release|Any CPU.ActiveCfg = Release|Any CPU
		{60E39D01-E68A-407E-BDB6-C24DC7884C56}.Release|Any CPU.Build.0 = Release|Any CPU
		{AB06BB10-956E-4FC7-8AA7-035CCD493F8B}.Debug|Any CPU.ActiveCfg = Debug|Any CPU
		{AB06BB10-956E-4FC7-8AA7-035CCD493F8B}.Debug|Any CPU.Build.0 = Debug|Any CPU
		{AB06BB10-956E-4FC7-8AA7-035CCD493F8B}.Release|Any CPU.ActiveCfg = Release|Any CPU
		{AB06BB10-956E-4FC7-8AA7-035CCD493F8B}.Release|Any CPU.Build.0 = Release|Any CPU
	EndGlobalSection
	GlobalSection(SolutionProperties) = preSolution
		HideSolutionNode = FALSE
	EndGlobalSection
	GlobalSection(ExtensibilityGlobals) = postSolution
		SolutionGuid = {D2954388-22D8-48DE-9C62-CE0CDD135E11}
	EndGlobalSection
EndGlobal
